
Microsoft Visual Studio Solution File, Format Version 12.00
# Visual Studio 15
VisualStudioVersion = 15.0.28307.136
MinimumVisualStudioVersion = 10.0.40219.1
Project("{2150E333-8FDC-42A3-9474-1A3956D46DE8}") = "src", "src", "{CEAFBF3C-CA6A-459D-8C73-2E87DA25CD17}"
EndProject
Project("{9A19103F-16F7-4668-BE54-9A1E7A4F7556}") = "VerbalCounting.Web", "src\VerbalCounting.Web\VerbalCounting.Web.csproj", "{20B64440-3912-4C70-B8E4-6AC1AD3DD43D}"
EndProject
Global
	GlobalSection(SolutionConfigurationPlatforms) = preSolution
		Debug|Any CPU = Debug|Any CPU
		Release|Any CPU = Release|Any CPU
	EndGlobalSection
	GlobalSection(ProjectConfigurationPlatforms) = postSolution
		{20B64440-3912-4C70-B8E4-6AC1AD3DD43D}.Debug|Any CPU.ActiveCfg = Debug|Any CPU
		{20B64440-3912-4C70-B8E4-6AC1AD3DD43D}.Debug|Any CPU.Build.0 = Debug|Any CPU
		{20B64440-3912-4C70-B8E4-6AC1AD3DD43D}.Release|Any CPU.ActiveCfg = Release|Any CPU
		{20B64440-3912-4C70-B8E4-6AC1AD3DD43D}.Release|Any CPU.Build.0 = Release|Any CPU
	EndGlobalSection
	GlobalSection(SolutionProperties) = preSolution
		HideSolutionNode = FALSE
	EndGlobalSection
	GlobalSection(NestedProjects) = preSolution
		{20B64440-3912-4C70-B8E4-6AC1AD3DD43D} = {CEAFBF3C-CA6A-459D-8C73-2E87DA25CD17}
	EndGlobalSection
	GlobalSection(ExtensibilityGlobals) = postSolution
		SolutionGuid = {8566012D-6081-4E21-BD5A-52804B52CE4A}
	EndGlobalSection
EndGlobal
